// !$*UTF8*$!
{
	archiveVersion = 1;
	classes = {
	};
	objectVersion = 46;
	objects = {

/* Begin PBXBuildFile section */
		9BB7A9A61BDC770D00872660 /* main.m in Sources */ = {isa = PBXBuildFile; fileRef = 9BB7A9A51BDC770D00872660 /* main.m */; };
		9BB7A9A91BDC770D00872660 /* AppDelegate.m in Sources */ = {isa = PBXBuildFile; fileRef = 9BB7A9A81BDC770D00872660 /* AppDelegate.m */; };
		9BB7A9AC1BDC770D00872660 /* ViewController.m in Sources */ = {isa = PBXBuildFile; fileRef = 9BB7A9AB1BDC770D00872660 /* ViewController.m */; };
		9BB7A9AF1BDC770D00872660 /* Main.storyboard in Resources */ = {isa = PBXBuildFile; fileRef = 9BB7A9AD1BDC770D00872660 /* Main.storyboard */; };
		9BB7A9B11BDC770D00872660 /* Assets.xcassets in Resources */ = {isa = PBXBuildFile; fileRef = 9BB7A9B01BDC770D00872660 /* Assets.xcassets */; };
		9BB7A9B41BDC770D00872660 /* LaunchScreen.storyboard in Resources */ = {isa = PBXBuildFile; fileRef = 9BB7A9B21BDC770D00872660 /* LaunchScreen.storyboard */; };
		9BB7A9BD1BDC7DAC00872660 /* BlueToothFinder.m in Sources */ = {isa = PBXBuildFile; fileRef = 9BB7A9BC1BDC7DAC00872660 /* BlueToothFinder.m */; settings = {ASSET_TAGS = (); }; };
		9BB7A9C01BDC895300872660 /* BlueToothPeripheral.m in Sources */ = {isa = PBXBuildFile; fileRef = 9BB7A9BF1BDC895300872660 /* BlueToothPeripheral.m */; settings = {ASSET_TAGS = (); }; };
/* End PBXBuildFile section */

/* Begin PBXFileReference section */
		9BB7A9A11BDC770D00872660 /* CartTracker.app */ = {isa = PBXFileReference; explicitFileType = wrapper.application; includeInIndex = 0; path = CartTracker.app; sourceTree = BUILT_PRODUCTS_DIR; };
		9BB7A9A51BDC770D00872660 /* main.m */ = {isa = PBXFileReference; lastKnownFileType = sourcecode.c.objc; path = main.m; sourceTree = "<group>"; };
		9BB7A9A71BDC770D00872660 /* AppDelegate.h */ = {isa = PBXFileReference; lastKnownFileType = sourcecode.c.h; path = AppDelegate.h; sourceTree = "<group>"; };
		9BB7A9A81BDC770D00872660 /* AppDelegate.m */ = {isa = PBXFileReference; lastKnownFileType = sourcecode.c.objc; path = AppDelegate.m; sourceTree = "<group>"; };
		9BB7A9AA1BDC770D00872660 /* ViewController.h */ = {isa = PBXFileReference; lastKnownFileType = sourcecode.c.h; path = ViewController.h; sourceTree = "<group>"; };
		9BB7A9AB1BDC770D00872660 /* ViewController.m */ = {isa = PBXFileReference; lastKnownFileType = sourcecode.c.objc; path = ViewController.m; sourceTree = "<group>"; };
		9BB7A9AE1BDC770D00872660 /* Base */ = {isa = PBXFileReference; lastKnownFileType = file.storyboard; name = Base; path = Base.lproj/Main.storyboard; sourceTree = "<group>"; };
		9BB7A9B01BDC770D00872660 /* Assets.xcassets */ = {isa = PBXFileReference; lastKnownFileType = folder.assetcatalog; path = Assets.xcassets; sourceTree = "<group>"; };
		9BB7A9B31BDC770D00872660 /* Base */ = {isa = PBXFileReference; lastKnownFileType = file.storyboard; name = Base; path = Base.lproj/LaunchScreen.storyboard; sourceTree = "<group>"; };
		9BB7A9B51BDC770D00872660 /* Info.plist */ = {isa = PBXFileReference; lastKnownFileType = text.plist.xml; path = Info.plist; sourceTree = "<group>"; };
		9BB7A9BB1BDC7DAC00872660 /* BlueToothFinder.h */ = {isa = PBXFileReference; fileEncoding = 4; lastKnownFileType = sourcecode.c.h; path = BlueToothFinder.h; sourceTree = "<group>"; };
		9BB7A9BC1BDC7DAC00872660 /* BlueToothFinder.m */ = {isa = PBXFileReference; fileEncoding = 4; lastKnownFileType = sourcecode.c.objc; path = BlueToothFinder.m; sourceTree = "<group>"; };
		9BB7A9BE1BDC895300872660 /* BlueToothPeripheral.h */ = {isa = PBXFileReference; fileEncoding = 4; lastKnownFileType = sourcecode.c.h; path = BlueToothPeripheral.h; sourceTree = "<group>"; };
		9BB7A9BF1BDC895300872660 /* BlueToothPeripheral.m */ = {isa = PBXFileReference; fileEncoding = 4; lastKnownFileType = sourcecode.c.objc; path = BlueToothPeripheral.m; sourceTree = "<group>"; };
/* End PBXFileReference section */

/* Begin PBXFrameworksBuildPhase section */
		9BB7A99E1BDC770D00872660 /* Frameworks */ = {
			isa = PBXFrameworksBuildPhase;
			buildActionMask = 2147483647;
			files = (
			);
			runOnlyForDeploymentPostprocessing = 0;
		};
/* End PBXFrameworksBuildPhase section */

/* Begin PBXGroup section */
		9BB7A9981BDC770D00872660 = {
			isa = PBXGroup;
			children = (
				9BB7A9A31BDC770D00872660 /* CartTracker */,
				9BB7A9A21BDC770D00872660 /* Products */,
			);
			sourceTree = "<group>";
		};
		9BB7A9A21BDC770D00872660 /* Products */ = {
			isa = PBXGroup;
			children = (
				9BB7A9A11BDC770D00872660 /* CartTracker.app */,
			);
			name = Products;
			sourceTree = "<group>";
		};
		9BB7A9A31BDC770D00872660 /* CartTracker */ = {
			isa = PBXGroup;
			children = (
				9BB7A9A71BDC770D00872660 /* AppDelegate.h */,
				9BB7A9A81BDC770D00872660 /* AppDelegate.m */,
				9BB7A9BB1BDC7DAC00872660 /* BlueToothFinder.h */,
				9BB7A9BC1BDC7DAC00872660 /* BlueToothFinder.m */,
				9BB7A9BE1BDC895300872660 /* BlueToothPeripheral.h */,
				9BB7A9BF1BDC895300872660 /* BlueToothPeripheral.m */,
				9BB7A9AA1BDC770D00872660 /* ViewController.h */,
				9BB7A9AB1BDC770D00872660 /* ViewController.m */,
				9BB7A9AD1BDC770D00872660 /* Main.storyboard */,
				9BB7A9B01BDC770D00872660 /* Assets.xcassets */,
				9BB7A9B21BDC770D00872660 /* LaunchScreen.storyboard */,
				9BB7A9B51BDC770D00872660 /* Info.plist */,
				9BB7A9A41BDC770D00872660 /* Supporting Files */,
			);
			path = CartTracker;
			sourceTree = "<group>";
		};
		9BB7A9A41BDC770D00872660 /* Supporting Files */ = {
			isa = PBXGroup;
			children = (
				9BB7A9A51BDC770D00872660 /* main.m */,
			);
			name = "Supporting Files";
			sourceTree = "<group>";
		};
/* End PBXGroup section */

/* Begin PBXNativeTarget section */
		9BB7A9A01BDC770D00872660 /* CartTracker */ = {
			isa = PBXNativeTarget;
			buildConfigurationList = 9BB7A9B81BDC770D00872660 /* Build configuration list for PBXNativeTarget "CartTracker" */;
			buildPhases = (
				9BB7A99D1BDC770D00872660 /* Sources */,
				9BB7A99E1BDC770D00872660 /* Frameworks */,
				9BB7A99F1BDC770D00872660 /* Resources */,
			);
			buildRules = (
			);
			dependencies = (
			);
			name = CartTracker;
			productName = CartTracker;
			productReference = 9BB7A9A11BDC770D00872660 /* CartTracker.app */;
			productType = "com.apple.product-type.application";
		};
/* End PBXNativeTarget section */

/* Begin PBXProject section */
		9BB7A9991BDC770D00872660 /* Project object */ = {
			isa = PBXProject;
			attributes = {
				LastUpgradeCheck = 0700;
				ORGANIZATIONNAME = "Mike Dokken";
				TargetAttributes = {
					9BB7A9A01BDC770D00872660 = {
						CreatedOnToolsVersion = 7.0.1;
					};
				};
			};
			buildConfigurationList = 9BB7A99C1BDC770D00872660 /* Build configuration list for PBXProject "CartTracker" */;
			compatibilityVersion = "Xcode 3.2";
			developmentRegion = English;
			hasScannedForEncodings = 0;
			knownRegions = (
				en,
				Base,
			);
			mainGroup = 9BB7A9981BDC770D00872660;
			productRefGroup = 9BB7A9A21BDC770D00872660 /* Products */;
			projectDirPath = "";
			projectRoot = "";
			targets = (
				9BB7A9A01BDC770D00872660 /* CartTracker */,
			);
		};
/* End PBXProject section */

/* Begin PBXResourcesBuildPhase section */
		9BB7A99F1BDC770D00872660 /* Resources */ = {
			isa = PBXResourcesBuildPhase;
			buildActionMask = 2147483647;
			files = (
				9BB7A9B41BDC770D00872660 /* LaunchScreen.storyboard in Resources */,
				9BB7A9B11BDC770D00872660 /* Assets.xcassets in Resources */,
				9BB7A9AF1BDC770D00872660 /* Main.storyboard in Resources */,
			);
			runOnlyForDeploymentPostprocessing = 0;
		};
/* End PBXResourcesBuildPhase section */

/* Begin PBXSourcesBuildPhase section */
		9BB7A99D1BDC770D00872660 /* Sources */ = {
			isa = PBXSourcesBuildPhase;
			buildActionMask = 2147483647;
			files = (
				9BB7A9AC1BDC770D00872660 /* ViewController.m in Sources */,
				9BB7A9C01BDC895300872660 /* BlueToothPeripheral.m in Sources */,
				9BB7A9A91BDC770D00872660 /* AppDelegate.m in Sources */,
				9BB7A9BD1BDC7DAC00872660 /* BlueToothFinder.m in Sources */,
				9BB7A9A61BDC770D00872660 /* main.m in Sources */,
			);
			runOnlyForDeploymentPostprocessing = 0;
		};
/* End PBXSourcesBuildPhase section */

/* Begin PBXVariantGroup section */
		9BB7A9AD1BDC770D00872660 /* Main.storyboard */ = {
			isa = PBXVariantGroup;
			children = (
				9BB7A9AE1BDC770D00872660 /* Base */,
			);
			name = Main.storyboard;
			sourceTree = "<group>";
		};
		9BB7A9B21BDC770D00872660 /* LaunchScreen.storyboard */ = {
			isa = PBXVariantGroup;
			children = (
				9BB7A9B31BDC770D00872660 /* Base */,
			);
			name = LaunchScreen.storyboard;
			sourceTree = "<group>";
		};
/* End PBXVariantGroup section */

/* Begin XCBuildConfiguration section */
		9BB7A9B61BDC770D00872660 /* Debug */ = {
			isa = XCBuildConfiguration;
			buildSettings = {
				ALWAYS_SEARCH_USER_PATHS = NO;
				CLANG_CXX_LANGUAGE_STANDARD = "gnu++0x";
				CLANG_CXX_LIBRARY = "libc++";
				CLANG_ENABLE_MODULES = YES;
				CLANG_ENABLE_OBJC_ARC = YES;
				CLANG_WARN_BOOL_CONVERSION = YES;
				CLANG_WARN_CONSTANT_CONVERSION = YES;
				CLANG_WARN_DIRECT_OBJC_ISA_USAGE = YES_ERROR;
				CLANG_WARN_EMPTY_BODY = YES;
				CLANG_WARN_ENUM_CONVERSION = YES;
				CLANG_WARN_INT_CONVERSION = YES;
				CLANG_WARN_OBJC_ROOT_CLASS = YES_ERROR;
				CLANG_WARN_UNREACHABLE_CODE = YES;
				CLANG_WARN__DUPLICATE_METHOD_MATCH = YES;
				"CODE_SIGN_IDENTITY[sdk=iphoneos*]" = "iPhone Developer";
				COPY_PHASE_STRIP = NO;
				DEBUG_INFORMATION_FORMAT = dwarf;
				ENABLE_STRICT_OBJC_MSGSEND = YES;
				ENABLE_TESTABILITY = YES;
				GCC_C_LANGUAGE_STANDARD = gnu99;
				GCC_DYNAMIC_NO_PIC = NO;
				GCC_NO_COMMON_BLOCKS = YES;
				GCC_OPTIMIZATION_LEVEL = 0;
				GCC_PREPROCESSOR_DEFINITIONS = (
					"DEBUG=1",
					"$(inherited)",
				);
				GCC_WARN_64_TO_32_BIT_CONVERSION = YES;
				GCC_WARN_ABOUT_RETURN_TYPE = YES_ERROR;
				GCC_WARN_UNDECLARED_SELECTOR = YES;
				GCC_WARN_UNINITIALIZED_AUTOS = YES_AGGRESSIVE;
				GCC_WARN_UNUSED_FUNCTION = YES;
				GCC_WARN_UNUSED_VARIABLE = YES;
				IPHONEOS_DEPLOYMENT_TARGET = 9.0;
				MTL_ENABLE_DEBUG_INFO = YES;
				ONLY_ACTIVE_ARCH = YES;
				SDKROOT = iphoneos;
			};
			name = Debug;
		};
		9BB7A9B71BDC770D00872660 /* Release */ = {
			isa = XCBuildConfiguration;
			buildSettings = {
				ALWAYS_SEARCH_USER_PATHS = NO;
				CLANG_CXX_LANGUAGE_STANDARD = "gnu++0x";
				CLANG_CXX_LIBRARY = "libc++";
				CLANG_ENABLE_MODULES = YES;
				CLANG_ENABLE_OBJC_ARC = YES;
				CLANG_WARN_BOOL_CONVERSION = YES;
				CLANG_WARN_CONSTANT_CONVERSION = YES;
				CLANG_WARN_DIRECT_OBJC_ISA_USAGE = YES_ERROR;
				CLANG_WARN_EMPTY_BODY = YES;
				CLANG_WARN_ENUM_CONVERSION = YES;
				CLANG_WARN_INT_CONVERSION = YES;
				CLANG_WARN_OBJC_ROOT_CLASS = YES_ERROR;
				CLANG_WARN_UNREACHABLE_CODE = YES;
				CLANG_WARN__DUPLICATE_METHOD_MATCH = YES;
				"CODE_SIGN_IDENTITY[sdk=iphoneos*]" = "iPhone Developer";
				COPY_PHASE_STRIP = NO;
				DEBUG_INFORMATION_FORMAT = "dwarf-with-dsym";
				ENABLE_NS_ASSERTIONS = NO;
				ENABLE_STRICT_OBJC_MSGSEND = YES;
				GCC_C_LANGUAGE_STANDARD = gnu99;
				GCC_NO_COMMON_BLOCKS = YES;
				GCC_WARN_64_TO_32_BIT_CONVERSION = YES;
				GCC_WARN_ABOUT_RETURN_TYPE = YES_ERROR;
				GCC_WARN_UNDECLARED_SELECTOR = YES;
				GCC_WARN_UNINITIALIZED_AUTOS = YES_AGGRESSIVE;
				GCC_WARN_UNUSED_FUNCTION = YES;
				GCC_WARN_UNUSED_VARIABLE = YES;
				IPHONEOS_DEPLOYMENT_TARGET = 9.0;
				MTL_ENABLE_DEBUG_INFO = NO;
				SDKROOT = iphoneos;
				VALIDATE_PRODUCT = YES;
			};
			name = Release;
		};
		9BB7A9B91BDC770D00872660 /* Debug */ = {
			isa = XCBuildConfiguration;
			buildSettings = {
				ASSETCATALOG_COMPILER_APPICON_NAME = AppIcon;
				INFOPLIST_FILE = CartTracker/Info.plist;
				IPHONEOS_DEPLOYMENT_TARGET = 8.0;
				LD_RUNPATH_SEARCH_PATHS = "$(inherited) @executable_path/Frameworks";
				PRODUCT_BUNDLE_IDENTIFIER = com.mkdokken.CartTracker;
				PRODUCT_NAME = "$(TARGET_NAME)";
			};
			name = Debug;
		};
		9BB7A9BA1BDC770D00872660 /* Release */ = {
			isa = XCBuildConfiguration;
			buildSettings = {
				ASSETCATALOG_COMPILER_APPICON_NAME = AppIcon;
				INFOPLIST_FILE = CartTracker/Info.plist;
				IPHONEOS_DEPLOYMENT_TARGET = 8.0;
				LD_RUNPATH_SEARCH_PATHS = "$(inherited) @executable_path/Frameworks";
				PRODUCT_BUNDLE_IDENTIFIER = com.mkdokken.CartTracker;
				PRODUCT_NAME = "$(TARGET_NAME)";
			};
			name = Release;
		};
/* End XCBuildConfiguration section */

/* Begin XCConfigurationList section */
		9BB7A99C1BDC770D00872660 /* Build configuration list for PBXProject "CartTracker" */ = {
			isa = XCConfigurationList;
			buildConfigurations = (
				9BB7A9B61BDC770D00872660 /* Debug */,
				9BB7A9B71BDC770D00872660 /* Release */,
			);
			defaultConfigurationIsVisible = 0;
			defaultConfigurationName = Release;
		};
		9BB7A9B81BDC770D00872660 /* Build configuration list for PBXNativeTarget "CartTracker" */ = {
			isa = XCConfigurationList;
			buildConfigurations = (
				9BB7A9B91BDC770D00872660 /* Debug */,
				9BB7A9BA1BDC770D00872660 /* Release */,
			);
			defaultConfigurationIsVisible = 0;
		};
/* End XCConfigurationList section */
	};
	rootObject = 9BB7A9991BDC770D00872660 /* Project object */;
}
